
Microsoft Visual Studio Solution File, Format Version 11.00
# Visual Studio 2010
Project("{FAE04EC0-301F-11D3-BF4B-00C04F79EFBC}") = "Ships", "Assembly-CSharp.csproj", "{DC04ABB5-4684-7E5A-EA55-B32A3926F57E}"
EndProject
Global
	GlobalSection(SolutionConfigurationPlatforms) = preSolution
		Debug|Any CPU = Debug|Any CPU
		Release|Any CPU = Release|Any CPU
	EndGlobalSection
	GlobalSection(ProjectConfigurationPlatforms) = postSolution
		{DC04ABB5-4684-7E5A-EA55-B32A3926F57E}.Debug|Any CPU.ActiveCfg = Debug|Any CPU
		{DC04ABB5-4684-7E5A-EA55-B32A3926F57E}.Debug|Any CPU.Build.0 = Debug|Any CPU
		{DC04ABB5-4684-7E5A-EA55-B32A3926F57E}.Release|Any CPU.ActiveCfg = Release|Any CPU
		{DC04ABB5-4684-7E5A-EA55-B32A3926F57E}.Release|Any CPU.Build.0 = Release|Any CPU
	EndGlobalSection
	GlobalSection(SolutionProperties) = preSolution
		HideSolutionNode = FALSE
	EndGlobalSection
	GlobalSection(MonoDevelopProperties) = preSolution
		StartupItem = Assembly-CSharp.csproj
	EndGlobalSection
EndGlobal
